
Microsoft Visual Studio Solution File, Format Version 12.00
# Visual Studio Version 17
VisualStudioVersion = 17.0.32014.148
MinimumVisualStudioVersion = 10.0.40219.1
Project("{9A19103F-16F7-4668-BE54-9A1E7A4F7556}") = "App-UrnaEletronica", "App-UrnaEletronica\App-UrnaEletronica.csproj", "{2AA64084-B784-472A-AD03-A055CEF29786}"
EndProject
Project("{2150E333-8FDC-42A3-9474-1A3956D46DE8}") = "Domain", "Domain", "{4796EC3B-4FD4-42F3-B3B7-DD1882734B6C}"
EndProject
Project("{FAE04EC0-301F-11D3-BF4B-00C04F79EFBC}") = "Domain", "Domain\Domain.csproj", "{FE21FDFD-E701-48D8-8B9D-A2E93C818ECB}"
EndProject
Project("{2150E333-8FDC-42A3-9474-1A3956D46DE8}") = "Application", "Application", "{08608987-31D6-42BF-8FF7-1CA344085D54}"
EndProject
Project("{FAE04EC0-301F-11D3-BF4B-00C04F79EFBC}") = "Application", "Application\Application.csproj", "{250ED0AC-3884-4C21-A7FA-5F5D504ABEF7}"
EndProject
Project("{2150E333-8FDC-42A3-9474-1A3956D46DE8}") = "Infra", "Infra", "{C7298B63-E679-4598-9EF4-937A679E444E}"
EndProject
Project("{FAE04EC0-301F-11D3-BF4B-00C04F79EFBC}") = "Infra", "Infra\Infra.csproj", "{6E88E2D7-7EAC-49CE-A8DD-F0D02E631192}"
EndProject
Project("{2150E333-8FDC-42A3-9474-1A3956D46DE8}") = "Test", "Test", "{C2B5F0DA-CEAB-42D9-9600-12DA97137AB3}"
EndProject
Project("{FAE04EC0-301F-11D3-BF4B-00C04F79EFBC}") = "Test", "Test\Test.csproj", "{E0A3D9BA-9AFA-4DC9-B5E5-D5703948532B}"
EndProject
Global
	GlobalSection(SolutionConfigurationPlatforms) = preSolution
		Debug|Any CPU = Debug|Any CPU
		Release|Any CPU = Release|Any CPU
	EndGlobalSection
	GlobalSection(ProjectConfigurationPlatforms) = postSolution
		{2AA64084-B784-472A-AD03-A055CEF29786}.Debug|Any CPU.ActiveCfg = Debug|Any CPU
		{2AA64084-B784-472A-AD03-A055CEF29786}.Debug|Any CPU.Build.0 = Debug|Any CPU
		{2AA64084-B784-472A-AD03-A055CEF29786}.Release|Any CPU.ActiveCfg = Release|Any CPU
		{2AA64084-B784-472A-AD03-A055CEF29786}.Release|Any CPU.Build.0 = Release|Any CPU
		{FE21FDFD-E701-48D8-8B9D-A2E93C818ECB}.Debug|Any CPU.ActiveCfg = Debug|Any CPU
		{FE21FDFD-E701-48D8-8B9D-A2E93C818ECB}.Debug|Any CPU.Build.0 = Debug|Any CPU
		{FE21FDFD-E701-48D8-8B9D-A2E93C818ECB}.Release|Any CPU.ActiveCfg = Release|Any CPU
		{FE21FDFD-E701-48D8-8B9D-A2E93C818ECB}.Release|Any CPU.Build.0 = Release|Any CPU
		{250ED0AC-3884-4C21-A7FA-5F5D504ABEF7}.Debug|Any CPU.ActiveCfg = Debug|Any CPU
		{250ED0AC-3884-4C21-A7FA-5F5D504ABEF7}.Debug|Any CPU.Build.0 = Debug|Any CPU
		{250ED0AC-3884-4C21-A7FA-5F5D504ABEF7}.Release|Any CPU.ActiveCfg = Release|Any CPU
		{250ED0AC-3884-4C21-A7FA-5F5D504ABEF7}.Release|Any CPU.Build.0 = Release|Any CPU
		{6E88E2D7-7EAC-49CE-A8DD-F0D02E631192}.Debug|Any CPU.ActiveCfg = Debug|Any CPU
		{6E88E2D7-7EAC-49CE-A8DD-F0D02E631192}.Debug|Any CPU.Build.0 = Debug|Any CPU
		{6E88E2D7-7EAC-49CE-A8DD-F0D02E631192}.Release|Any CPU.ActiveCfg = Release|Any CPU
		{6E88E2D7-7EAC-49CE-A8DD-F0D02E631192}.Release|Any CPU.Build.0 = Release|Any CPU
		{E0A3D9BA-9AFA-4DC9-B5E5-D5703948532B}.Debug|Any CPU.ActiveCfg = Debug|Any CPU
		{E0A3D9BA-9AFA-4DC9-B5E5-D5703948532B}.Debug|Any CPU.Build.0 = Debug|Any CPU
		{E0A3D9BA-9AFA-4DC9-B5E5-D5703948532B}.Release|Any CPU.ActiveCfg = Release|Any CPU
		{E0A3D9BA-9AFA-4DC9-B5E5-D5703948532B}.Release|Any CPU.Build.0 = Release|Any CPU
	EndGlobalSection
	GlobalSection(SolutionProperties) = preSolution
		HideSolutionNode = FALSE
	EndGlobalSection
	GlobalSection(NestedProjects) = preSolution
		{FE21FDFD-E701-48D8-8B9D-A2E93C818ECB} = {4796EC3B-4FD4-42F3-B3B7-DD1882734B6C}
		{250ED0AC-3884-4C21-A7FA-5F5D504ABEF7} = {08608987-31D6-42BF-8FF7-1CA344085D54}
		{6E88E2D7-7EAC-49CE-A8DD-F0D02E631192} = {C7298B63-E679-4598-9EF4-937A679E444E}
		{E0A3D9BA-9AFA-4DC9-B5E5-D5703948532B} = {C2B5F0DA-CEAB-42D9-9600-12DA97137AB3}
	EndGlobalSection
	GlobalSection(ExtensibilityGlobals) = postSolution
		SolutionGuid = {03253B46-C546-4224-AAD7-1C6942776C19}
	EndGlobalSection
EndGlobal
